# This file is automatically @generated by Cargo.
# It is not intended for manual editing.
version = 4

[[package]]
name = "anyhow"
version = "1.0.103"
source = "registry+https://github.com/rust-lang/crates.io-index"
checksum = "2a4385e2e34eb35d6b3efe798b9eb88096925d87726c0798709bf56d9ed84af3"

[[package]]
name = "ex-00-01-hello-cargo"
version = "0.1.0"

[[package]]
name = "ex-00-02-fix-semicolon"
version = "0.1.0"

[[package]]
name = "ex-00-03-fix-missing-mut"
version = "0.1.0"

[[package]]
name = "ex-00-04-fix-typo"
version = "0.1.0"

[[package]]
name = "ex-00-05-doctest"
version = "0.1.0"

[[package]]
name = "ex-00-06-should-panic"
version = "0.1.0"

[[package]]
name = "ex-00-07-multiple-tests"
version = "0.1.0"

[[package]]
name = "ex-00-08-fix-all"
version = "0.1.0"

[[package]]
name = "ex-01-01-let-and-mut"
version = "0.1.0"

[[package]]
name = "ex-01-02-const-values"
version = "0.1.0"

[[package]]
name = "ex-01-03-blocks-as-values"
version = "0.1.0"

[[package]]
name = "ex-01-04-if-expression"
version = "0.1.0"

[[package]]
name = "ex-01-05-loop-break-value"
version = "0.1.0"

[[package]]
name = "ex-01-06-while-loops"
version = "0.1.0"

[[package]]
name = "ex-01-07-for-range"
version = "0.1.0"

[[package]]
name = "ex-01-08-fizzbuzz"
version = "0.1.0"

[[package]]
name = "ex-01-09-labeled-loops"
version = "0.1.0"

[[package]]
name = "ex-01-10-loop-state"
version = "0.1.0"

[[package]]
name = "ex-01-11-never-type"
version = "0.1.0"

[[package]]
name = "ex-01-12-collatz-expr"
version = "0.1.0"

[[package]]
name = "ex-02-01-integer-basics"
version = "0.1.0"

[[package]]
name = "ex-02-02-overflow-ops"
version = "0.1.0"

[[package]]
name = "ex-02-03-floats"
version = "0.1.0"

[[package]]
name = "ex-02-04-char-and-bool"
version = "0.1.0"

[[package]]
name = "ex-02-05-tuples"
version = "0.1.0"

[[package]]
name = "ex-02-06-arrays"
version = "0.1.0"

[[package]]
name = "ex-02-07-slices"
version = "0.1.0"

[[package]]
name = "ex-02-08-str-basics"
version = "0.1.0"

[[package]]
name = "ex-02-09-slice-scan"
version = "0.1.0"

[[package]]
name = "ex-02-10-bit-and-digits"
version = "0.1.0"

[[package]]
name = "ex-02-11-char-analysis"
version = "0.1.0"

[[package]]
name = "ex-02-12-run-length"
version = "0.1.0"

[[package]]
name = "ex-03-01-functions"
version = "0.1.0"

[[package]]
name = "ex-03-02-references"
version = "0.1.0"

[[package]]
name = "ex-03-03-mut-references"
version = "0.1.0"

[[package]]
name = "ex-03-04-shadowing"
version = "0.1.0"

[[package]]
name = "ex-03-05-swap-via-mut"
version = "0.1.0"

[[package]]
name = "ex-03-06-slice-mut"
version = "0.1.0"

[[package]]
name = "ex-03-07-string-build"
version = "0.1.0"

[[package]]
name = "ex-03-08-call-helpers"
version = "0.1.0"

[[package]]
name = "ex-03-09-inplace-transform"
version = "0.1.0"

[[package]]
name = "ex-03-10-recursion"
version = "0.1.0"

[[package]]
name = "ex-03-11-returning-option"
version = "0.1.0"

[[package]]
name = "ex-03-12-bubble-sort"
version = "0.1.0"

[[package]]
name = "ex-04-01-struct-basics"
version = "0.1.0"

[[package]]
name = "ex-04-02-field-init"
version = "0.1.0"

[[package]]
name = "ex-04-03-methods"
version = "0.1.0"

[[package]]
name = "ex-04-04-associated-fn"
version = "0.1.0"

[[package]]
name = "ex-04-05-mut-methods"
version = "0.1.0"

[[package]]
name = "ex-04-06-tuple-struct"
version = "0.1.0"

[[package]]
name = "ex-04-07-consuming-self"
version = "0.1.0"

[[package]]
name = "ex-04-08-derive-debug-eq"
version = "0.1.0"

[[package]]
name = "ex-04-09-struct-string"
version = "0.1.0"

[[package]]
name = "ex-04-10-vector-methods"
version = "0.1.0"

[[package]]
name = "ex-04-11-nested-struct"
version = "0.1.0"

[[package]]
name = "ex-04-12-stack"
version = "0.1.0"

[[package]]
name = "ex-05-01-enum-basics"
version = "0.1.0"

[[package]]
name = "ex-05-02-match-traffic"
version = "0.1.0"

[[package]]
name = "ex-05-03-match-ranges-or"
version = "0.1.0"

[[package]]
name = "ex-05-04-option-basics"
version = "0.1.0"

[[package]]
name = "ex-05-05-shape-area"
version = "0.1.0"

[[package]]
name = "ex-05-06-if-let"
version = "0.1.0"

[[package]]
name = "ex-05-07-option-combinators"
version = "0.1.0"

[[package]]
name = "ex-05-08-result-basics"
version = "0.1.0"

[[package]]
name = "ex-05-09-while-let"
version = "0.1.0"

[[package]]
name = "ex-05-10-message-process"
version = "0.1.0"

[[package]]
name = "ex-05-11-parse-and-add"
version = "0.1.0"

[[package]]
name = "ex-05-12-expr-eval"
version = "0.1.0"

[[package]]
name = "ex-06-01-move-basics"
version = "0.1.0"

[[package]]
name = "ex-06-02-copy-or-not"
version = "0.1.0"

[[package]]
name = "ex-06-03-move-in-out"
version = "0.1.0"

[[package]]
name = "ex-06-04-drop-prints"
version = "0.1.0"

[[package]]
name = "ex-06-05-clone-vs-move"
version = "0.1.0"

[[package]]
name = "ex-06-06-take-and-return"
version = "0.1.0"

[[package]]
name = "ex-06-07-option-take"
version = "0.1.0"

[[package]]
name = "ex-06-08-vec-ownership"
version = "0.1.0"

[[package]]
name = "ex-06-09-drop-guard"
version = "0.1.0"

[[package]]
name = "ex-06-10-no-double-free"
version = "0.1.0"

[[package]]
name = "ex-06-11-swap-replace"
version = "0.1.0"

[[package]]
name = "ex-06-12-move-only-type"
version = "0.1.0"

[[package]]
name = "ex-06-13-drop-order-tree"
version = "0.1.0"

[[package]]
name = "ex-07-01-shared-borrows"
version = "0.1.0"

[[package]]
name = "ex-07-02-unique-borrow"
version = "0.1.0"

[[package]]
name = "ex-07-03-borrow-scope"
version = "0.1.0"

[[package]]
name = "ex-07-04-return-slice"
version = "0.1.0"

[[package]]
name = "ex-07-05-get-ref"
version = "0.1.0"

[[package]]
name = "ex-07-06-split-slice"
version = "0.1.0"

[[package]]
name = "ex-07-07-mut-slice-rules"
version = "0.1.0"

[[package]]
name = "ex-07-08-shift-by-min"
version = "0.1.0"

[[package]]
name = "ex-07-09-zero-out-max"
version = "0.1.0"

[[package]]
name = "ex-07-10-max-pair-sum"
version = "0.1.0"

[[package]]
name = "ex-07-11-dedup-sorted"
version = "0.1.0"

[[package]]
name = "ex-07-12-reverse-halves"
version = "0.1.0"

[[package]]
name = "ex-08-01-elided"
version = "0.1.0"

[[package]]
name = "ex-08-02-longest"
version = "0.1.0"

[[package]]
name = "ex-08-03-longer-slice"
version = "0.1.0"

[[package]]
name = "ex-08-04-pick"
version = "0.1.0"

[[package]]
name = "ex-08-05-excerpt-struct"
version = "0.1.0"

[[package]]
name = "ex-08-06-add-struct-lifetime"
version = "0.1.0"

[[package]]
name = "ex-08-07-static-label"
version = "0.1.0"

[[package]]
name = "ex-08-08-split-first-word"
version = "0.1.0"

[[package]]
name = "ex-08-09-longest-word"
version = "0.1.0"

[[package]]
name = "ex-08-10-refs-longer-than"
version = "0.1.0"

[[package]]
name = "ex-08-11-pair-longer"
version = "0.1.0"

[[package]]
name = "ex-08-12-tokenizer"
version = "0.1.0"

[[package]]
name = "ex-09-01-independent-lifetimes"
version = "0.1.0"

[[package]]
name = "ex-09-02-reborrow"
version = "0.1.0"

[[package]]
name = "ex-09-03-struct-two-lifetimes"
version = "0.1.0"

[[package]]
name = "ex-09-04-outlives-bound"
version = "0.1.0"

[[package]]
name = "ex-09-05-fn-pointer"
version = "0.1.0"

[[package]]
name = "ex-10-01-define-module"
version = "0.1.0"

[[package]]
name = "ex-10-02-visibility"
version = "0.1.0"

[[package]]
name = "ex-10-03-paths-super"
version = "0.1.0"

[[package]]
name = "ex-10-04-use-import"
version = "0.1.0"

[[package]]
name = "ex-10-05-pub-use-reexport"
version = "0.1.0"

[[package]]
name = "ex-10-06-pub-crate"
version = "0.1.0"

[[package]]
name = "ex-10-07-struct-field-privacy"
version = "0.1.0"

[[package]]
name = "ex-10-08-module-tree"
version = "0.1.0"

[[package]]
name = "ex-11-01-generic-fn"
version = "0.1.0"

[[package]]
name = "ex-11-02-generic-struct"
version = "0.1.0"

[[package]]
name = "ex-11-03-turbofish"
version = "0.1.0"

[[package]]
name = "ex-11-04-generic-methods"
version = "0.1.0"

[[package]]
name = "ex-11-05-two-params"
version = "0.1.0"

[[package]]
name = "ex-11-06-bounded-largest"
version = "0.1.0"

[[package]]
name = "ex-11-07-specialized-impl"
version = "0.1.0"

[[package]]
name = "ex-11-08-generic-swap"
version = "0.1.0"

[[package]]
name = "ex-11-09-zip-unzip"
version = "0.1.0"

[[package]]
name = "ex-11-10-generic-stack"
version = "0.1.0"

[[package]]
name = "ex-12-01-define-trait"
version = "0.1.0"

[[package]]
name = "ex-12-02-default-method"
version = "0.1.0"

[[package]]
name = "ex-12-03-impl-for-foreign"
version = "0.1.0"

[[package]]
name = "ex-12-04-trait-bounds"
version = "0.1.0"

[[package]]
name = "ex-12-05-where-clause"
version = "0.1.0"

[[package]]
name = "ex-12-06-assoc-items"
version = "0.1.0"

[[package]]
name = "ex-12-07-supertrait"
version = "0.1.0"

[[package]]
name = "ex-12-08-name-collision"
version = "0.1.0"

[[package]]
name = "ex-12-09-min-core-trait"
version = "0.1.0"

[[package]]
name = "ex-12-10-newtype-display"
version = "0.1.0"

[[package]]
name = "ex-12-11-manual-clone"
version = "0.1.0"

[[package]]
name = "ex-13-01-add-vec2"
version = "0.1.0"

[[package]]
name = "ex-13-02-display"
version = "0.1.0"

[[package]]
name = "ex-13-03-from-into"
version = "0.1.0"

[[package]]
name = "ex-13-04-partial-eq"
version = "0.1.0"

[[package]]
name = "ex-13-05-version-ord"
version = "0.1.0"

[[package]]
name = "ex-13-06-try-from"
version = "0.1.0"

[[package]]
name = "ex-13-07-scalar-mul"
version = "0.1.0"

[[package]]
name = "ex-13-08-assign-ops"
version = "0.1.0"

[[package]]
name = "ex-13-09-index-grid"
version = "0.1.0"

[[package]]
name = "ex-13-10-money"
version = "0.1.0"

[[package]]
name = "ex-14-01-first-dyn"
version = "0.1.0"

[[package]]
name = "ex-14-02-dyn-refs"
version = "0.1.0"

[[package]]
name = "ex-14-03-dyn-factory"
version = "0.1.0"

[[package]]
name = "ex-14-04-callbacks"
version = "0.1.0"

[[package]]
name = "ex-14-05-dyn-compat"
version = "0.1.0"

[[package]]
name = "ex-14-06-dyn-any"
version = "0.1.0"

[[package]]
name = "ex-14-07-command-registry"
version = "0.1.0"

[[package]]
name = "ex-15-01-assoc-type"
version = "0.1.0"

[[package]]
name = "ex-15-02-impl-trait-return"
version = "0.1.0"

[[package]]
name = "ex-15-03-assoc-vs-param"
version = "0.1.0"

[[package]]
name = "ex-15-04-blanket-impl"
version = "0.1.0"

[[package]]
name = "ex-15-05-marker-trait"
version = "0.1.0"

[[package]]
name = "ex-15-06-gat-windows"
version = "0.1.0"

[[package]]
name = "ex-16-01-option-combinators"
version = "0.1.0"

[[package]]
name = "ex-16-02-result-combinators"
version = "0.1.0"

[[package]]
name = "ex-16-03-question-mark"
version = "0.1.0"

[[package]]
name = "ex-16-04-option-question"
version = "0.1.0"

[[package]]
name = "ex-16-05-custom-error"
version = "0.1.0"

[[package]]
name = "ex-16-06-let-else"
version = "0.1.0"

[[package]]
name = "ex-16-07-from-conversions"
version = "0.1.0"

[[package]]
name = "ex-16-08-error-trait"
version = "0.1.0"

[[package]]
name = "ex-16-09-drop-panic-guard"
version = "0.1.0"

[[package]]
name = "ex-16-10-thiserror"
version = "0.1.0"
dependencies = [
 "thiserror",
]

[[package]]
name = "ex-16-11-anyhow-app"
version = "0.1.0"
dependencies = [
 "anyhow",
]

[[package]]
name = "ex-17-01-vec-toolbox"
version = "0.1.0"

[[package]]
name = "ex-17-02-string-utf8"
version = "0.1.0"

[[package]]
name = "ex-17-03-hashmap-basics"
version = "0.1.0"

[[package]]
name = "ex-17-04-entry-api"
version = "0.1.0"

[[package]]
name = "ex-17-05-vecdeque-window"
version = "0.1.0"

[[package]]
name = "ex-17-06-btreemap-range"
version = "0.1.0"

[[package]]
name = "ex-17-07-set-operations"
version = "0.1.0"

[[package]]
name = "ex-17-08-char-boundaries"
version = "0.1.0"

[[package]]
name = "ex-17-09-cow-normalize"
version = "0.1.0"

[[package]]
name = "ex-17-10-word-index"
version = "0.1.0"

[[package]]
name = "ex-18-01-closure-syntax"
version = "0.1.0"

[[package]]
name = "ex-18-02-capture-modes"
version = "0.1.0"

[[package]]
name = "ex-18-03-fn-bounds"
version = "0.1.0"

[[package]]
name = "ex-18-04-move-counter"
version = "0.1.0"

[[package]]
name = "ex-18-05-fn-pointers"
version = "0.1.0"

[[package]]
name = "ex-18-06-retry"
version = "0.1.0"

[[package]]
name = "ex-18-07-event-system"
version = "0.1.0"

[[package]]
name = "ex-19-01-next-manual"
version = "0.1.0"

[[package]]
name = "ex-19-02-into-iter-forms"
version = "0.1.0"

[[package]]
name = "ex-19-03-adapters-basic"
version = "0.1.0"

[[package]]
name = "ex-19-04-consumers"
version = "0.1.0"

[[package]]
name = "ex-19-05-collect-targets"
version = "0.1.0"

[[package]]
name = "ex-19-06-lazy-toolbox"
version = "0.1.0"

[[package]]
name = "ex-19-07-custom-iterator"
version = "0.1.0"

[[package]]
name = "ex-19-08-fib-pipeline"
version = "0.1.0"

[[package]]
name = "ex-20-01-box-basics"
version = "0.1.0"

[[package]]
name = "ex-20-02-deref-coercion"
version = "0.1.0"

[[package]]
name = "ex-20-03-recursive-list"
version = "0.1.0"

[[package]]
name = "ex-20-04-drop-guard"
version = "0.1.0"

[[package]]
name = "ex-20-05-rc-sharing"
version = "0.1.0"

[[package]]
name = "ex-20-06-mybox-deref"
version = "0.1.0"

[[package]]
name = "ex-20-07-rc-tree"
version = "0.1.0"

[[package]]
name = "ex-20-08-expr-eval"
version = "0.1.0"

[[package]]
name = "ex-21-01-cell-basics"
version = "0.1.0"

[[package]]
name = "ex-21-02-refcell-mutate"
version = "0.1.0"

[[package]]
name = "ex-21-03-rc-refcell-counter"
version = "0.1.0"

[[package]]
name = "ex-21-04-try-borrow"
version = "0.1.0"

[[package]]
name = "ex-21-05-shared-list"
version = "0.1.0"

[[package]]
name = "ex-21-06-weak-parent"
version = "0.1.0"

[[package]]
name = "ex-21-07-observer"
version = "0.1.0"

[[package]]
name = "ex-21-08-cycle"
version = "0.1.0"

[[package]]
name = "proc-macro2"
version = "1.0.106"
source = "registry+https://github.com/rust-lang/crates.io-index"
checksum = "8fd00f0bb2e90d81d1044c2b32617f68fcb9fa3bb7640c23e9c748e53fb30934"
dependencies = [
 "unicode-ident",
]

[[package]]
name = "quote"
version = "1.0.46"
source = "registry+https://github.com/rust-lang/crates.io-index"
checksum = "dfbc457d0c7a0759a614551b11a6409e5951f6c7537be1f1b7682b9ae9230368"
dependencies = [
 "proc-macro2",
]

[[package]]
name = "sol-00-01-hello-cargo"
version = "0.1.0"

[[package]]
name = "sol-00-02-fix-semicolon"
version = "0.1.0"

[[package]]
name = "sol-00-03-fix-missing-mut"
version = "0.1.0"

[[package]]
name = "sol-00-04-fix-typo"
version = "0.1.0"

[[package]]
name = "sol-00-05-doctest"
version = "0.1.0"

[[package]]
name = "sol-00-06-should-panic"
version = "0.1.0"

[[package]]
name = "sol-00-07-multiple-tests"
version = "0.1.0"

[[package]]
name = "sol-00-08-fix-all"
version = "0.1.0"

[[package]]
name = "sol-01-01-let-and-mut"
version = "0.1.0"

[[package]]
name = "sol-01-02-const-values"
version = "0.1.0"

[[package]]
name = "sol-01-03-blocks-as-values"
version = "0.1.0"

[[package]]
name = "sol-01-04-if-expression"
version = "0.1.0"

[[package]]
name = "sol-01-05-loop-break-value"
version = "0.1.0"

[[package]]
name = "sol-01-06-while-loops"
version = "0.1.0"

[[package]]
name = "sol-01-07-for-range"
version = "0.1.0"

[[package]]
name = "sol-01-08-fizzbuzz"
version = "0.1.0"

[[package]]
name = "sol-01-09-labeled-loops"
version = "0.1.0"

[[package]]
name = "sol-01-10-loop-state"
version = "0.1.0"

[[package]]
name = "sol-01-11-never-type"
version = "0.1.0"

[[package]]
name = "sol-01-12-collatz-expr"
version = "0.1.0"

[[package]]
name = "sol-02-01-integer-basics"
version = "0.1.0"

[[package]]
name = "sol-02-02-overflow-ops"
version = "0.1.0"

[[package]]
name = "sol-02-03-floats"
version = "0.1.0"

[[package]]
name = "sol-02-04-char-and-bool"
version = "0.1.0"

[[package]]
name = "sol-02-05-tuples"
version = "0.1.0"

[[package]]
name = "sol-02-06-arrays"
version = "0.1.0"

[[package]]
name = "sol-02-07-slices"
version = "0.1.0"

[[package]]
name = "sol-02-08-str-basics"
version = "0.1.0"

[[package]]
name = "sol-02-09-slice-scan"
version = "0.1.0"

[[package]]
name = "sol-02-10-bit-and-digits"
version = "0.1.0"

[[package]]
name = "sol-02-11-char-analysis"
version = "0.1.0"

[[package]]
name = "sol-02-12-run-length"
version = "0.1.0"

[[package]]
name = "sol-03-01-functions"
version = "0.1.0"

[[package]]
name = "sol-03-02-references"
version = "0.1.0"

[[package]]
name = "sol-03-03-mut-references"
version = "0.1.0"

[[package]]
name = "sol-03-04-shadowing"
version = "0.1.0"

[[package]]
name = "sol-03-05-swap-via-mut"
version = "0.1.0"

[[package]]
name = "sol-03-06-slice-mut"
version = "0.1.0"

[[package]]
name = "sol-03-07-string-build"
version = "0.1.0"

[[package]]
name = "sol-03-08-call-helpers"
version = "0.1.0"

[[package]]
name = "sol-03-09-inplace-transform"
version = "0.1.0"

[[package]]
name = "sol-03-10-recursion"
version = "0.1.0"

[[package]]
name = "sol-03-11-returning-option"
version = "0.1.0"

[[package]]
name = "sol-03-12-bubble-sort"
version = "0.1.0"

[[package]]
name = "sol-04-01-struct-basics"
version = "0.1.0"

[[package]]
name = "sol-04-02-field-init"
version = "0.1.0"

[[package]]
name = "sol-04-03-methods"
version = "0.1.0"

[[package]]
name = "sol-04-04-associated-fn"
version = "0.1.0"

[[package]]
name = "sol-04-05-mut-methods"
version = "0.1.0"

[[package]]
name = "sol-04-06-tuple-struct"
version = "0.1.0"

[[package]]
name = "sol-04-07-consuming-self"
version = "0.1.0"

[[package]]
name = "sol-04-08-derive-debug-eq"
version = "0.1.0"

[[package]]
name = "sol-04-09-struct-string"
version = "0.1.0"

[[package]]
name = "sol-04-10-vector-methods"
version = "0.1.0"

[[package]]
name = "sol-04-11-nested-struct"
version = "0.1.0"

[[package]]
name = "sol-04-12-stack"
version = "0.1.0"

[[package]]
name = "sol-05-01-enum-basics"
version = "0.1.0"

[[package]]
name = "sol-05-02-match-traffic"
version = "0.1.0"

[[package]]
name = "sol-05-03-match-ranges-or"
version = "0.1.0"

[[package]]
name = "sol-05-04-option-basics"
version = "0.1.0"

[[package]]
name = "sol-05-05-shape-area"
version = "0.1.0"

[[package]]
name = "sol-05-06-if-let"
version = "0.1.0"

[[package]]
name = "sol-05-07-option-combinators"
version = "0.1.0"

[[package]]
name = "sol-05-08-result-basics"
version = "0.1.0"

[[package]]
name = "sol-05-09-while-let"
version = "0.1.0"

[[package]]
name = "sol-05-10-message-process"
version = "0.1.0"

[[package]]
name = "sol-05-11-parse-and-add"
version = "0.1.0"

[[package]]
name = "sol-05-12-expr-eval"
version = "0.1.0"

[[package]]
name = "sol-06-01-move-basics"
version = "0.1.0"

[[package]]
name = "sol-06-02-copy-or-not"
version = "0.1.0"

[[package]]
name = "sol-06-03-move-in-out"
version = "0.1.0"

[[package]]
name = "sol-06-04-drop-prints"
version = "0.1.0"

[[package]]
name = "sol-06-05-clone-vs-move"
version = "0.1.0"

[[package]]
name = "sol-06-06-take-and-return"
version = "0.1.0"

[[package]]
name = "sol-06-07-option-take"
version = "0.1.0"

[[package]]
name = "sol-06-08-vec-ownership"
version = "0.1.0"

[[package]]
name = "sol-06-09-drop-guard"
version = "0.1.0"

[[package]]
name = "sol-06-10-no-double-free"
version = "0.1.0"

[[package]]
name = "sol-06-11-swap-replace"
version = "0.1.0"

[[package]]
name = "sol-06-12-move-only-type"
version = "0.1.0"

[[package]]
name = "sol-06-13-drop-order-tree"
version = "0.1.0"

[[package]]
name = "sol-07-01-shared-borrows"
version = "0.1.0"

[[package]]
name = "sol-07-02-unique-borrow"
version = "0.1.0"

[[package]]
name = "sol-07-03-borrow-scope"
version = "0.1.0"

[[package]]
name = "sol-07-04-return-slice"
version = "0.1.0"

[[package]]
name = "sol-07-05-get-ref"
version = "0.1.0"

[[package]]
name = "sol-07-06-split-slice"
version = "0.1.0"

[[package]]
name = "sol-07-07-mut-slice-rules"
version = "0.1.0"

[[package]]
name = "sol-07-08-shift-by-min"
version = "0.1.0"

[[package]]
name = "sol-07-09-zero-out-max"
version = "0.1.0"

[[package]]
name = "sol-07-10-max-pair-sum"
version = "0.1.0"

[[package]]
name = "sol-07-11-dedup-sorted"
version = "0.1.0"

[[package]]
name = "sol-07-12-reverse-halves"
version = "0.1.0"

[[package]]
name = "sol-08-01-elided"
version = "0.1.0"

[[package]]
name = "sol-08-02-longest"
version = "0.1.0"

[[package]]
name = "sol-08-03-longer-slice"
version = "0.1.0"

[[package]]
name = "sol-08-04-pick"
version = "0.1.0"

[[package]]
name = "sol-08-05-excerpt-struct"
version = "0.1.0"

[[package]]
name = "sol-08-06-add-struct-lifetime"
version = "0.1.0"

[[package]]
name = "sol-08-07-static-label"
version = "0.1.0"

[[package]]
name = "sol-08-08-split-first-word"
version = "0.1.0"

[[package]]
name = "sol-08-09-longest-word"
version = "0.1.0"

[[package]]
name = "sol-08-10-refs-longer-than"
version = "0.1.0"

[[package]]
name = "sol-08-11-pair-longer"
version = "0.1.0"

[[package]]
name = "sol-08-12-tokenizer"
version = "0.1.0"

[[package]]
name = "sol-09-01-independent-lifetimes"
version = "0.1.0"

[[package]]
name = "sol-09-02-reborrow"
version = "0.1.0"

[[package]]
name = "sol-09-03-struct-two-lifetimes"
version = "0.1.0"

[[package]]
name = "sol-09-04-outlives-bound"
version = "0.1.0"

[[package]]
name = "sol-09-05-fn-pointer"
version = "0.1.0"

[[package]]
name = "sol-10-01-define-module"
version = "0.1.0"

[[package]]
name = "sol-10-02-visibility"
version = "0.1.0"

[[package]]
name = "sol-10-03-paths-super"
version = "0.1.0"

[[package]]
name = "sol-10-04-use-import"
version = "0.1.0"

[[package]]
name = "sol-10-05-pub-use-reexport"
version = "0.1.0"

[[package]]
name = "sol-10-06-pub-crate"
version = "0.1.0"

[[package]]
name = "sol-10-07-struct-field-privacy"
version = "0.1.0"

[[package]]
name = "sol-10-08-module-tree"
version = "0.1.0"

[[package]]
name = "sol-11-01-generic-fn"
version = "0.1.0"

[[package]]
name = "sol-11-02-generic-struct"
version = "0.1.0"

[[package]]
name = "sol-11-03-turbofish"
version = "0.1.0"

[[package]]
name = "sol-11-04-generic-methods"
version = "0.1.0"

[[package]]
name = "sol-11-05-two-params"
version = "0.1.0"

[[package]]
name = "sol-11-06-bounded-largest"
version = "0.1.0"

[[package]]
name = "sol-11-07-specialized-impl"
version = "0.1.0"

[[package]]
name = "sol-11-08-generic-swap"
version = "0.1.0"

[[package]]
name = "sol-11-09-zip-unzip"
version = "0.1.0"

[[package]]
name = "sol-11-10-generic-stack"
version = "0.1.0"

[[package]]
name = "sol-12-01-define-trait"
version = "0.1.0"

[[package]]
name = "sol-12-02-default-method"
version = "0.1.0"

[[package]]
name = "sol-12-03-impl-for-foreign"
version = "0.1.0"

[[package]]
name = "sol-12-04-trait-bounds"
version = "0.1.0"

[[package]]
name = "sol-12-05-where-clause"
version = "0.1.0"

[[package]]
name = "sol-12-06-assoc-items"
version = "0.1.0"

[[package]]
name = "sol-12-07-supertrait"
version = "0.1.0"

[[package]]
name = "sol-12-08-name-collision"
version = "0.1.0"

[[package]]
name = "sol-12-09-min-core-trait"
version = "0.1.0"

[[package]]
name = "sol-12-10-newtype-display"
version = "0.1.0"

[[package]]
name = "sol-12-11-manual-clone"
version = "0.1.0"

[[package]]
name = "sol-13-01-add-vec2"
version = "0.1.0"

[[package]]
name = "sol-13-02-display"
version = "0.1.0"

[[package]]
name = "sol-13-03-from-into"
version = "0.1.0"

[[package]]
name = "sol-13-04-partial-eq"
version = "0.1.0"

[[package]]
name = "sol-13-05-version-ord"
version = "0.1.0"

[[package]]
name = "sol-13-06-try-from"
version = "0.1.0"

[[package]]
name = "sol-13-07-scalar-mul"
version = "0.1.0"

[[package]]
name = "sol-13-08-assign-ops"
version = "0.1.0"

[[package]]
name = "sol-13-09-index-grid"
version = "0.1.0"

[[package]]
name = "sol-13-10-money"
version = "0.1.0"

[[package]]
name = "sol-14-01-first-dyn"
version = "0.1.0"

[[package]]
name = "sol-14-02-dyn-refs"
version = "0.1.0"

[[package]]
name = "sol-14-03-dyn-factory"
version = "0.1.0"

[[package]]
name = "sol-14-04-callbacks"
version = "0.1.0"

[[package]]
name = "sol-14-05-dyn-compat"
version = "0.1.0"

[[package]]
name = "sol-14-06-dyn-any"
version = "0.1.0"

[[package]]
name = "sol-14-07-command-registry"
version = "0.1.0"

[[package]]
name = "sol-15-01-assoc-type"
version = "0.1.0"

[[package]]
name = "sol-15-02-impl-trait-return"
version = "0.1.0"

[[package]]
name = "sol-15-03-assoc-vs-param"
version = "0.1.0"

[[package]]
name = "sol-15-04-blanket-impl"
version = "0.1.0"

[[package]]
name = "sol-15-05-marker-trait"
version = "0.1.0"

[[package]]
name = "sol-15-06-gat-windows"
version = "0.1.0"

[[package]]
name = "sol-16-01-option-combinators"
version = "0.1.0"

[[package]]
name = "sol-16-02-result-combinators"
version = "0.1.0"

[[package]]
name = "sol-16-03-question-mark"
version = "0.1.0"

[[package]]
name = "sol-16-04-option-question"
version = "0.1.0"

[[package]]
name = "sol-16-05-custom-error"
version = "0.1.0"

[[package]]
name = "sol-16-06-let-else"
version = "0.1.0"

[[package]]
name = "sol-16-07-from-conversions"
version = "0.1.0"

[[package]]
name = "sol-16-08-error-trait"
version = "0.1.0"

[[package]]
name = "sol-16-09-drop-panic-guard"
version = "0.1.0"

[[package]]
name = "sol-16-10-thiserror"
version = "0.1.0"
dependencies = [
 "thiserror",
]

[[package]]
name = "sol-16-11-anyhow-app"
version = "0.1.0"
dependencies = [
 "anyhow",
]

[[package]]
name = "sol-17-01-vec-toolbox"
version = "0.1.0"

[[package]]
name = "sol-17-02-string-utf8"
version = "0.1.0"

[[package]]
name = "sol-17-03-hashmap-basics"
version = "0.1.0"

[[package]]
name = "sol-17-04-entry-api"
version = "0.1.0"

[[package]]
name = "sol-17-05-vecdeque-window"
version = "0.1.0"

[[package]]
name = "sol-17-06-btreemap-range"
version = "0.1.0"

[[package]]
name = "sol-17-07-set-operations"
version = "0.1.0"

[[package]]
name = "sol-17-08-char-boundaries"
version = "0.1.0"

[[package]]
name = "sol-17-09-cow-normalize"
version = "0.1.0"

[[package]]
name = "sol-17-10-word-index"
version = "0.1.0"

[[package]]
name = "sol-18-01-closure-syntax"
version = "0.1.0"

[[package]]
name = "sol-18-02-capture-modes"
version = "0.1.0"

[[package]]
name = "sol-18-03-fn-bounds"
version = "0.1.0"

[[package]]
name = "sol-18-04-move-counter"
version = "0.1.0"

[[package]]
name = "sol-18-05-fn-pointers"
version = "0.1.0"

[[package]]
name = "sol-18-06-retry"
version = "0.1.0"

[[package]]
name = "sol-18-07-event-system"
version = "0.1.0"

[[package]]
name = "sol-19-01-next-manual"
version = "0.1.0"

[[package]]
name = "sol-19-02-into-iter-forms"
version = "0.1.0"

[[package]]
name = "sol-19-03-adapters-basic"
version = "0.1.0"

[[package]]
name = "sol-19-04-consumers"
version = "0.1.0"

[[package]]
name = "sol-19-05-collect-targets"
version = "0.1.0"

[[package]]
name = "sol-19-06-lazy-toolbox"
version = "0.1.0"

[[package]]
name = "sol-19-07-custom-iterator"
version = "0.1.0"

[[package]]
name = "sol-19-08-fib-pipeline"
version = "0.1.0"

[[package]]
name = "sol-20-01-box-basics"
version = "0.1.0"

[[package]]
name = "sol-20-02-deref-coercion"
version = "0.1.0"

[[package]]
name = "sol-20-03-recursive-list"
version = "0.1.0"

[[package]]
name = "sol-20-04-drop-guard"
version = "0.1.0"

[[package]]
name = "sol-20-05-rc-sharing"
version = "0.1.0"

[[package]]
name = "sol-20-06-mybox-deref"
version = "0.1.0"

[[package]]
name = "sol-20-07-rc-tree"
version = "0.1.0"

[[package]]
name = "sol-20-08-expr-eval"
version = "0.1.0"

[[package]]
name = "sol-21-01-cell-basics"
version = "0.1.0"

[[package]]
name = "sol-21-02-refcell-mutate"
version = "0.1.0"

[[package]]
name = "sol-21-03-rc-refcell-counter"
version = "0.1.0"

[[package]]
name = "sol-21-04-try-borrow"
version = "0.1.0"

[[package]]
name = "sol-21-05-shared-list"
version = "0.1.0"

[[package]]
name = "sol-21-06-weak-parent"
version = "0.1.0"

[[package]]
name = "sol-21-07-observer"
version = "0.1.0"

[[package]]
name = "sol-21-08-cycle"
version = "0.1.0"

[[package]]
name = "syn"
version = "2.0.118"
source = "registry+https://github.com/rust-lang/crates.io-index"
checksum = "1b9ae57f904213ebb649ce6895b8a66c66f0203b9319718f69a5612a065b1422"
dependencies = [
 "proc-macro2",
 "quote",
 "unicode-ident",
]

[[package]]
name = "thiserror"
version = "2.0.18"
source = "registry+https://github.com/rust-lang/crates.io-index"
checksum = "4288b5bcbc7920c07a1149a35cf9590a2aa808e0bc1eafaade0b80947865fbc4"
dependencies = [
 "thiserror-impl",
]

[[package]]
name = "thiserror-impl"
version = "2.0.18"
source = "registry+https://github.com/rust-lang/crates.io-index"
checksum = "ebc4ee7f67670e9b64d05fa4253e753e016c6c95ff35b89b7941d6b856dec1d5"
dependencies = [
 "proc-macro2",
 "quote",
 "syn",
]

[[package]]
name = "unicode-ident"
version = "1.0.24"
source = "registry+https://github.com/rust-lang/crates.io-index"
checksum = "e6e4313cd5fcd3dad5cafa179702e2b244f760991f45397d14d4ebf38247da75"
